// !$*UTF8*$!
{
	archiveVersion = 1;
	classes = {
	};
	objectVersion = 47;
	objects = {

/* Begin PBXBuildFile section */
		15371EE31728E3B400A508F4 /* UIKit.framework in Frameworks */ = {isa = PBXBuildFile; fileRef = 15371EE21728E3B400A508F4 /* UIKit.framework */; };
		15371EE51728E3B400A508F4 /* Foundation.framework in Frameworks */ = {isa = PBXBuildFile; fileRef = 15371EE41728E3B400A508F4 /* Foundation.framework */; };
		15371EE71728E3B400A508F4 /* CoreGraphics.framework in Frameworks */ = {isa = PBXBuildFile; fileRef = 15371EE61728E3B400A508F4 /* CoreGraphics.framework */; };
		15371EED1728E3B400A508F4 /* InfoPlist.strings in Resources */ = {isa = PBXBuildFile; fileRef = 15371EEB1728E3B400A508F4 /* InfoPlist.strings */; };
		15371EEF1728E3B400A508F4 /* main.m in Sources */ = {isa = PBXBuildFile; fileRef = 15371EEE1728E3B400A508F4 /* main.m */; };
		15371EF31728E3B400A508F4 /* AppDelegate.m in Sources */ = {isa = PBXBuildFile; fileRef = 15371EF21728E3B400A508F4 /* AppDelegate.m */; };
		15371EFC1728E3B400A508F4 /* MainStoryboard_iPhone.storyboard in Resources */ = {isa = PBXBuildFile; fileRef = 15371EFA1728E3B400A508F4 /* MainStoryboard_iPhone.storyboard */; };
		15371EFF1728E3B400A508F4 /* MainStoryboard_iPad.storyboard in Resources */ = {isa = PBXBuildFile; fileRef = 15371EFD1728E3B400A508F4 /* MainStoryboard_iPad.storyboard */; };
		15371F0B1728E3B400A508F4 /* UIKit.framework in Frameworks */ = {isa = PBXBuildFile; fileRef = 15371EE21728E3B400A508F4 /* UIKit.framework */; };
		15371F0C1728E3B400A508F4 /* Foundation.framework in Frameworks */ = {isa = PBXBuildFile; fileRef = 15371EE41728E3B400A508F4 /* Foundation.framework */; };
		15371F141728E3B400A508F4 /* InfoPlist.strings in Resources */ = {isa = PBXBuildFile; fileRef = 15371F121728E3B400A508F4 /* InfoPlist.strings */; };
		15371F171728E3B400A508F4 /* SlideMenuTests.m in Sources */ = {isa = PBXBuildFile; fileRef = 15371F161728E3B400A508F4 /* SlideMenuTests.m */; };
		15371F281728E44E00A508F4 /* SlideNavigationController.m in Sources */ = {isa = PBXBuildFile; fileRef = 15371F271728E44E00A508F4 /* SlideNavigationController.m */; };
		15C9AC111895A7BF006E6F27 /* SlideNavigationContorllerAnimatorSlide.m in Sources */ = {isa = PBXBuildFile; fileRef = 15C9AC101895A7BF006E6F27 /* SlideNavigationContorllerAnimatorSlide.m */; };
		15C9AC141895A7D7006E6F27 /* SlideNavigationContorllerAnimatorFade.m in Sources */ = {isa = PBXBuildFile; fileRef = 15C9AC131895A7D7006E6F27 /* SlideNavigationContorllerAnimatorFade.m */; };
		15C9AC171895A7E7006E6F27 /* SlideNavigationContorllerAnimatorSlideAndFade.m in Sources */ = {isa = PBXBuildFile; fileRef = 15C9AC161895A7E7006E6F27 /* SlideNavigationContorllerAnimatorSlideAndFade.m */; };
		15C9AC1A1895A80E006E6F27 /* SlideNavigationContorllerAnimatorScale.m in Sources */ = {isa = PBXBuildFile; fileRef = 15C9AC191895A80E006E6F27 /* SlideNavigationContorllerAnimatorScale.m */; };
		15C9AC1D1895A81D006E6F27 /* SlideNavigationContorllerAnimatorScaleAndFade.m in Sources */ = {isa = PBXBuildFile; fileRef = 15C9AC1C1895A81D006E6F27 /* SlideNavigationContorllerAnimatorScaleAndFade.m */; };
		15CBD67D172A15F900F0C53E /* LeftMenuViewController.m in Sources */ = {isa = PBXBuildFile; fileRef = 15CBD679172A15F900F0C53E /* LeftMenuViewController.m */; };
		15CBD699172A57F100F0C53E /* QuartzCore.framework in Frameworks */ = {isa = PBXBuildFile; fileRef = 15CBD698172A57F100F0C53E /* QuartzCore.framework */; };
		15E7D318190C24E3002EAE3F /* RightMenuViewController.m in Sources */ = {isa = PBXBuildFile; fileRef = 15E7D317190C24E3002EAE3F /* RightMenuViewController.m */; };
		18109B0D1D2BED0900FFA5D1 /* Assets.xcassets in Resources */ = {isa = PBXBuildFile; fileRef = 18109B0C1D2BED0900FFA5D1 /* Assets.xcassets */; };
		18109B171D2BEF3000FFA5D1 /* Launch Screen.storyboard in Resources */ = {isa = PBXBuildFile; fileRef = 18109B161D2BEF3000FFA5D1 /* Launch Screen.storyboard */; };
		184A29271D3727E40015E093 /* ProductsListViewController.m in Sources */ = {isa = PBXBuildFile; fileRef = 184A29261D3727E40015E093 /* ProductsListViewController.m */; };
		1858EFF91D1061580002E3AD /* HomeCollectionViewCell.m in Sources */ = {isa = PBXBuildFile; fileRef = 1858EFF61D1061580002E3AD /* HomeCollectionViewCell.m */; };
		1858EFFA1D1061580002E3AD /* ViewController.m in Sources */ = {isa = PBXBuildFile; fileRef = 1858EFF81D1061580002E3AD /* ViewController.m */; };
		1858EFFD1D1062320002E3AD /* KTImageView.m in Sources */ = {isa = PBXBuildFile; fileRef = 1858EFFC1D1062320002E3AD /* KTImageView.m */; };
		18D060321D48670100B134F8 /* ProductCell.m in Sources */ = {isa = PBXBuildFile; fileRef = 18D060311D48670100B134F8 /* ProductCell.m */; };
		36F5ABA51D2D7D98004BA400 /* privacyPolicyViewController.m in Sources */ = {isa = PBXBuildFile; fileRef = 36F5ABA41D2D7D98004BA400 /* privacyPolicyViewController.m */; };
		71009E981D4B69AD009E1ED6 /* loginViewController.m in Sources */ = {isa = PBXBuildFile; fileRef = 71009E971D4B69AD009E1ED6 /* loginViewController.m */; };
		71009E9B1D4B71F9009E1ED6 /* myOrderViewController.m in Sources */ = {isa = PBXBuildFile; fileRef = 71009E9A1D4B71F9009E1ED6 /* myOrderViewController.m */; };
		71009E9E1D4B73E8009E1ED6 /* myWishlistViewController.m in Sources */ = {isa = PBXBuildFile; fileRef = 71009E9D1D4B73E8009E1ED6 /* myWishlistViewController.m */; };
		71009EA11D4B75FC009E1ED6 /* contactUsViewController.m in Sources */ = {isa = PBXBuildFile; fileRef = 71009EA01D4B75FC009E1ED6 /* contactUsViewController.m */; };
		71009EA41D4B7618009E1ED6 /* rateAppViewController.m in Sources */ = {isa = PBXBuildFile; fileRef = 71009EA31D4B7618009E1ED6 /* rateAppViewController.m */; };
		71009EA61D4B7E26009E1ED6 /* Shopping Cart-40.png in Resources */ = {isa = PBXBuildFile; fileRef = 71009EA51D4B7E26009E1ED6 /* Shopping Cart-40.png */; };
		71009EA81D4B7E2A009E1ED6 /* Search Filled-40.png in Resources */ = {isa = PBXBuildFile; fileRef = 71009EA71D4B7E2A009E1ED6 /* Search Filled-40.png */; };
		7105AADA1D2E39A7000DE51C /* JKAppDelegate.m in Sources */ = {isa = PBXBuildFile; fileRef = 7105AACD1D2E39A7000DE51C /* JKAppDelegate.m */; };
		7105AADB1D2E39A7000DE51C /* JKExpandTableView.m in Sources */ = {isa = PBXBuildFile; fileRef = 7105AACF1D2E39A7000DE51C /* JKExpandTableView.m */; };
		7105AADC1D2E39A7000DE51C /* JKMultiSelectSubTableViewCell.m in Sources */ = {isa = PBXBuildFile; fileRef = 7105AAD11D2E39A7000DE51C /* JKMultiSelectSubTableViewCell.m */; };
		7105AADD1D2E39A7000DE51C /* JKParentTableViewCell.m in Sources */ = {isa = PBXBuildFile; fileRef = 7105AAD31D2E39A7000DE51C /* JKParentTableViewCell.m */; };
		7105AADE1D2E39A7000DE51C /* JKSingleSelectSubTableViewCell.m in Sources */ = {isa = PBXBuildFile; fileRef = 7105AAD51D2E39A7000DE51C /* JKSingleSelectSubTableViewCell.m */; };
		7105AADF1D2E39A7000DE51C /* JKSubTableViewCell.m in Sources */ = {isa = PBXBuildFile; fileRef = 7105AAD71D2E39A7000DE51C /* JKSubTableViewCell.m */; };
		7105AAE01D2E39A7000DE51C /* JKSubTableViewCellCell.m in Sources */ = {isa = PBXBuildFile; fileRef = 7105AAD91D2E39A7000DE51C /* JKSubTableViewCellCell.m */; };
		713F75731D48881F00BC3F45 /* wishlist40.png in Resources */ = {isa = PBXBuildFile; fileRef = 713F75721D48881F00BC3F45 /* wishlist40.png */; };
		713F75751D48907500BC3F45 /* wishlistfilled.png in Resources */ = {isa = PBXBuildFile; fileRef = 713F75741D48907500BC3F45 /* wishlistfilled.png */; };
		714FFF3B1D4B2901002CC707 /* termsAndConditionsViewController.m in Sources */ = {isa = PBXBuildFile; fileRef = 714FFF3A1D4B2901002CC707 /* termsAndConditionsViewController.m */; };
		71520E561D37540F0007253E /* overFlowMenu.png in Resources */ = {isa = PBXBuildFile; fileRef = 71520E541D37540F0007253E /* overFlowMenu.png */; };
		71520E571D37540F0007253E /* overFlowMenu@2x.png in Resources */ = {isa = PBXBuildFile; fileRef = 71520E551D37540F0007253E /* overFlowMenu@2x.png */; };
		71520E5A1D3754F00007253E /* arrow-icon.png in Resources */ = {isa = PBXBuildFile; fileRef = 71520E581D3754F00007253E /* arrow-icon.png */; };
		71520E5B1D3754F00007253E /* arrow-icon@2x.png in Resources */ = {isa = PBXBuildFile; fileRef = 71520E591D3754F00007253E /* arrow-icon@2x.png */; };
		716085141D3DEAE700F4AFE3 /* List Filled.png in Resources */ = {isa = PBXBuildFile; fileRef = 716085131D3DEAE700F4AFE3 /* List Filled.png */; };
		716085161D3DEB6300F4AFE3 /* Grid Filled-40.png in Resources */ = {isa = PBXBuildFile; fileRef = 716085151D3DEB6300F4AFE3 /* Grid Filled-40.png */; };
		716085181D3DEB6700F4AFE3 /* List Filled-40.png in Resources */ = {isa = PBXBuildFile; fileRef = 716085171D3DEB6700F4AFE3 /* List Filled-40.png */; };
		7160851A1D3DECEA00F4AFE3 /* Descending Sorting-40.png in Resources */ = {isa = PBXBuildFile; fileRef = 716085191D3DECEA00F4AFE3 /* Descending Sorting-40.png */; };
		7160851C1D3DECF100F4AFE3 /* Filled Filter-40.png in Resources */ = {isa = PBXBuildFile; fileRef = 7160851B1D3DECF100F4AFE3 /* Filled Filter-40.png */; };
		71ADB4371D475B2F00DA13B8 /* productDetailsViewController.m in Sources */ = {isa = PBXBuildFile; fileRef = 71ADB4361D475B2F00DA13B8 /* productDetailsViewController.m */; };
		71F685861D33C24B006469DD /* checkmark.png in Resources */ = {isa = PBXBuildFile; fileRef = 71F685821D33C24B006469DD /* checkmark.png */; };
		71F685871D33C24B006469DD /* checkmark@2x.png in Resources */ = {isa = PBXBuildFile; fileRef = 71F685831D33C24B006469DD /* checkmark@2x.png */; };
		71FBE3641D379B9B007DC9DA /* homegift.png in Resources */ = {isa = PBXBuildFile; fileRef = 71FBE3631D379B9B007DC9DA /* homegift.png */; };
		71FBE36A1D37A0BA007DC9DA /* OpenSans-Regular.ttf in Resources */ = {isa = PBXBuildFile; fileRef = 71FBE3691D37A0BA007DC9DA /* OpenSans-Regular.ttf */; };
		71FD691A1D48B4B800B04D19 /* homeProductListViewController.m in Sources */ = {isa = PBXBuildFile; fileRef = 71FD69191D48B4B800B04D19 /* homeProductListViewController.m */; };
		71FD69201D48BA1300B04D19 /* homeProductCell.m in Sources */ = {isa = PBXBuildFile; fileRef = 71FD691F1D48BA1300B04D19 /* homeProductCell.m */; };
/* End PBXBuildFile section */

/* Begin PBXContainerItemProxy section */
		15371F0D1728E3B400A508F4 /* PBXContainerItemProxy */ = {
			isa = PBXContainerItemProxy;
			containerPortal = 15371ED51728E3B400A508F4 /* Project object */;
			proxyType = 1;
			remoteGlobalIDString = 15371EDD1728E3B400A508F4;
			remoteInfo = SlideMenu;
		};
/* End PBXContainerItemProxy section */

/* Begin PBXFileReference section */
		15371EDE1728E3B400A508F4 /* SendMyGift.app */ = {isa = PBXFileReference; explicitFileType = wrapper.application; includeInIndex = 0; path = SendMyGift.app; sourceTree = BUILT_PRODUCTS_DIR; };
		15371EE21728E3B400A508F4 /* UIKit.framework */ = {isa = PBXFileReference; lastKnownFileType = wrapper.framework; name = UIKit.framework; path = System/Library/Frameworks/UIKit.framework; sourceTree = SDKROOT; };
		15371EE41728E3B400A508F4 /* Foundation.framework */ = {isa = PBXFileReference; lastKnownFileType = wrapper.framework; name = Foundation.framework; path = System/Library/Frameworks/Foundation.framework; sourceTree = SDKROOT; };
		15371EE61728E3B400A508F4 /* CoreGraphics.framework */ = {isa = PBXFileReference; lastKnownFileType = wrapper.framework; name = CoreGraphics.framework; path = System/Library/Frameworks/CoreGraphics.framework; sourceTree = SDKROOT; };
		15371EEA1728E3B400A508F4 /* SendMyGift-Info.plist */ = {isa = PBXFileReference; lastKnownFileType = text.plist.xml; path = "SendMyGift-Info.plist"; sourceTree = "<group>"; };
		15371EEC1728E3B400A508F4 /* en */ = {isa = PBXFileReference; lastKnownFileType = text.plist.strings; name = en; path = en.lproj/InfoPlist.strings; sourceTree = "<group>"; };
		15371EEE1728E3B400A508F4 /* main.m */ = {isa = PBXFileReference; lastKnownFileType = sourcecode.c.objc; path = main.m; sourceTree = "<group>"; };
		15371EF01728E3B400A508F4 /* SendMyGift-Prefix.pch */ = {isa = PBXFileReference; lastKnownFileType = sourcecode.c.h; path = "SendMyGift-Prefix.pch"; sourceTree = "<group>"; };
		15371EF11728E3B400A508F4 /* AppDelegate.h */ = {isa = PBXFileReference; lastKnownFileType = sourcecode.c.h; path = AppDelegate.h; sourceTree = "<group>"; };
		15371EF21728E3B400A508F4 /* AppDelegate.m */ = {isa = PBXFileReference; lastKnownFileType = sourcecode.c.objc; path = AppDelegate.m; sourceTree = "<group>"; };
		15371EFB1728E3B400A508F4 /* en */ = {isa = PBXFileReference; lastKnownFileType = file.storyboard; name = en; path = en.lproj/MainStoryboard_iPhone.storyboard; sourceTree = "<group>"; };
		15371EFE1728E3B400A508F4 /* en */ = {isa = PBXFileReference; lastKnownFileType = file.storyboard; name = en; path = en.lproj/MainStoryboard_iPad.storyboard; sourceTree = "<group>"; };
		15371F081728E3B400A508F4 /* SendMyGift.xctest */ = {isa = PBXFileReference; explicitFileType = wrapper.cfbundle; includeInIndex = 0; path = SendMyGift.xctest; sourceTree = BUILT_PRODUCTS_DIR; };
		15371F111728E3B400A508F4 /* SendMyGiftTests-Info.plist */ = {isa = PBXFileReference; lastKnownFileType = text.plist.xml; path = "SendMyGiftTests-Info.plist"; sourceTree = "<group>"; };
		15371F131728E3B400A508F4 /* en */ = {isa = PBXFileReference; lastKnownFileType = text.plist.strings; name = en; path = en.lproj/InfoPlist.strings; sourceTree = "<group>"; };
		15371F151728E3B400A508F4 /* SlideMenuTests.h */ = {isa = PBXFileReference; lastKnownFileType = sourcecode.c.h; path = SlideMenuTests.h; sourceTree = "<group>"; };
		15371F161728E3B400A508F4 /* SlideMenuTests.m */ = {isa = PBXFileReference; lastKnownFileType = sourcecode.c.objc; path = SlideMenuTests.m; sourceTree = "<group>"; };
		15371F261728E44E00A508F4 /* SlideNavigationController.h */ = {isa = PBXFileReference; fileEncoding = 4; lastKnownFileType = sourcecode.c.h; path = SlideNavigationController.h; sourceTree = "<group>"; };
		15371F271728E44E00A508F4 /* SlideNavigationController.m */ = {isa = PBXFileReference; fileEncoding = 4; lastKnownFileType = sourcecode.c.objc; path = SlideNavigationController.m; sourceTree = "<group>"; };
		15C9AC0F1895A7BF006E6F27 /* SlideNavigationContorllerAnimatorSlide.h */ = {isa = PBXFileReference; fileEncoding = 4; lastKnownFileType = sourcecode.c.h; path = SlideNavigationContorllerAnimatorSlide.h; sourceTree = "<group>"; };
		15C9AC101895A7BF006E6F27 /* SlideNavigationContorllerAnimatorSlide.m */ = {isa = PBXFileReference; fileEncoding = 4; lastKnownFileType = sourcecode.c.objc; path = SlideNavigationContorllerAnimatorSlide.m; sourceTree = "<group>"; };
		15C9AC121895A7D7006E6F27 /* SlideNavigationContorllerAnimatorFade.h */ = {isa = PBXFileReference; fileEncoding = 4; lastKnownFileType = sourcecode.c.h; path = SlideNavigationContorllerAnimatorFade.h; sourceTree = "<group>"; };
		15C9AC131895A7D7006E6F27 /* SlideNavigationContorllerAnimatorFade.m */ = {isa = PBXFileReference; fileEncoding = 4; lastKnownFileType = sourcecode.c.objc; path = SlideNavigationContorllerAnimatorFade.m; sourceTree = "<group>"; };
		15C9AC151895A7E7006E6F27 /* SlideNavigationContorllerAnimatorSlideAndFade.h */ = {isa = PBXFileReference; fileEncoding = 4; lastKnownFileType = sourcecode.c.h; path = SlideNavigationContorllerAnimatorSlideAndFade.h; sourceTree = "<group>"; };
		15C9AC161895A7E7006E6F27 /* SlideNavigationContorllerAnimatorSlideAndFade.m */ = {isa = PBXFileReference; fileEncoding = 4; lastKnownFileType = sourcecode.c.objc; path = SlideNavigationContorllerAnimatorSlideAndFade.m; sourceTree = "<group>"; };
		15C9AC181895A80E006E6F27 /* SlideNavigationContorllerAnimatorScale.h */ = {isa = PBXFileReference; fileEncoding = 4; lastKnownFileType = sourcecode.c.h; path = SlideNavigationContorllerAnimatorScale.h; sourceTree = "<group>"; };
		15C9AC191895A80E006E6F27 /* SlideNavigationContorllerAnimatorScale.m */ = {isa = PBXFileReference; fileEncoding = 4; lastKnownFileType = sourcecode.c.objc; path = SlideNavigationContorllerAnimatorScale.m; sourceTree = "<group>"; };
		15C9AC1B1895A81D006E6F27 /* SlideNavigationContorllerAnimatorScaleAndFade.h */ = {isa = PBXFileReference; fileEncoding = 4; lastKnownFileType = sourcecode.c.h; path = SlideNavigationContorllerAnimatorScaleAndFade.h; sourceTree = "<group>"; };
		15C9AC1C1895A81D006E6F27 /* SlideNavigationContorllerAnimatorScaleAndFade.m */ = {isa = PBXFileReference; fileEncoding = 4; lastKnownFileType = sourcecode.c.objc; path = SlideNavigationContorllerAnimatorScaleAndFade.m; sourceTree = "<group>"; };
		15C9AC1E1895A832006E6F27 /* SlideNavigationContorllerAnimator.h */ = {isa = PBXFileReference; fileEncoding = 4; lastKnownFileType = sourcecode.c.h; path = SlideNavigationContorllerAnimator.h; sourceTree = "<group>"; };
		15CBD678172A15F900F0C53E /* LeftMenuViewController.h */ = {isa = PBXFileReference; fileEncoding = 4; lastKnownFileType = sourcecode.c.h; name = LeftMenuViewController.h; path = "SlideMenu/Helper Classes/LeftMenuViewController.h"; sourceTree = "<group>"; };
		15CBD679172A15F900F0C53E /* LeftMenuViewController.m */ = {isa = PBXFileReference; fileEncoding = 4; lastKnownFileType = sourcecode.c.objc; name = LeftMenuViewController.m; path = "SlideMenu/Helper Classes/LeftMenuViewController.m"; sourceTree = "<group>"; };
		15CBD698172A57F100F0C53E /* QuartzCore.framework */ = {isa = PBXFileReference; lastKnownFileType = wrapper.framework; name = QuartzCore.framework; path = System/Library/Frameworks/QuartzCore.framework; sourceTree = SDKROOT; };
		15E7D316190C24E3002EAE3F /* RightMenuViewController.h */ = {isa = PBXFileReference; fileEncoding = 4; lastKnownFileType = sourcecode.c.h; name = RightMenuViewController.h; path = "SlideMenu/Helper Classes/RightMenuViewController.h"; sourceTree = "<group>"; };
		15E7D317190C24E3002EAE3F /* RightMenuViewController.m */ = {isa = PBXFileReference; fileEncoding = 4; lastKnownFileType = sourcecode.c.objc; name = RightMenuViewController.m; path = "SlideMenu/Helper Classes/RightMenuViewController.m"; sourceTree = "<group>"; };
		18109B0C1D2BED0900FFA5D1 /* Assets.xcassets */ = {isa = PBXFileReference; lastKnownFileType = folder.assetcatalog; path = Assets.xcassets; sourceTree = "<group>"; };
		18109B161D2BEF3000FFA5D1 /* Launch Screen.storyboard */ = {isa = PBXFileReference; fileEncoding = 4; lastKnownFileType = file.storyboard; path = "Launch Screen.storyboard"; sourceTree = "<group>"; };
		184A29251D3727E40015E093 /* ProductsListViewController.h */ = {isa = PBXFileReference; fileEncoding = 4; lastKnownFileType = sourcecode.c.h; name = ProductsListViewController.h; path = SlideMenu/ProductsListViewController.h; sourceTree = "<group>"; };
		184A29261D3727E40015E093 /* ProductsListViewController.m */ = {isa = PBXFileReference; fileEncoding = 4; lastKnownFileType = sourcecode.c.objc; name = ProductsListViewController.m; path = SlideMenu/ProductsListViewController.m; sourceTree = "<group>"; };
		1858EFF51D1061580002E3AD /* HomeCollectionViewCell.h */ = {isa = PBXFileReference; fileEncoding = 4; lastKnownFileType = sourcecode.c.h; name = HomeCollectionViewCell.h; path = "SlideMenu/Helper Classes/HomeCollectionViewCell.h"; sourceTree = "<group>"; };
		1858EFF61D1061580002E3AD /* HomeCollectionViewCell.m */ = {isa = PBXFileReference; fileEncoding = 4; lastKnownFileType = sourcecode.c.objc; name = HomeCollectionViewCell.m; path = "SlideMenu/Helper Classes/HomeCollectionViewCell.m"; sourceTree = "<group>"; };
		1858EFF71D1061580002E3AD /* ViewController.h */ = {isa = PBXFileReference; fileEncoding = 4; lastKnownFileType = sourcecode.c.h; name = ViewController.h; path = "SlideMenu/Helper Classes/ViewController.h"; sourceTree = "<group>"; };
		1858EFF81D1061580002E3AD /* ViewController.m */ = {isa = PBXFileReference; fileEncoding = 4; lastKnownFileType = sourcecode.c.objc; name = ViewController.m; path = "SlideMenu/Helper Classes/ViewController.m"; sourceTree = "<group>"; };
		1858EFFB1D1062320002E3AD /* KTImageView.h */ = {isa = PBXFileReference; fileEncoding = 4; lastKnownFileType = sourcecode.c.h; name = KTImageView.h; path = "SlideMenu/Helper Classes/KTImageView.h"; sourceTree = "<group>"; };
		1858EFFC1D1062320002E3AD /* KTImageView.m */ = {isa = PBXFileReference; fileEncoding = 4; lastKnownFileType = sourcecode.c.objc; name = KTImageView.m; path = "SlideMenu/Helper Classes/KTImageView.m"; sourceTree = "<group>"; };
		18D060301D48670100B134F8 /* ProductCell.h */ = {isa = PBXFileReference; fileEncoding = 4; lastKnownFileType = sourcecode.c.h; path = ProductCell.h; sourceTree = "<group>"; };
		18D060311D48670100B134F8 /* ProductCell.m */ = {isa = PBXFileReference; fileEncoding = 4; lastKnownFileType = sourcecode.c.objc; path = ProductCell.m; sourceTree = "<group>"; };
		36F5ABA31D2D7D98004BA400 /* privacyPolicyViewController.h */ = {isa = PBXFileReference; fileEncoding = 4; lastKnownFileType = sourcecode.c.h; path = privacyPolicyViewController.h; sourceTree = "<group>"; };
		36F5ABA41D2D7D98004BA400 /* privacyPolicyViewController.m */ = {isa = PBXFileReference; fileEncoding = 4; lastKnownFileType = sourcecode.c.objc; path = privacyPolicyViewController.m; sourceTree = "<group>"; };
		71009E961D4B69AD009E1ED6 /* loginViewController.h */ = {isa = PBXFileReference; fileEncoding = 4; lastKnownFileType = sourcecode.c.h; path = loginViewController.h; sourceTree = "<group>"; };
		71009E971D4B69AD009E1ED6 /* loginViewController.m */ = {isa = PBXFileReference; fileEncoding = 4; lastKnownFileType = sourcecode.c.objc; path = loginViewController.m; sourceTree = "<group>"; };
		71009E991D4B71F9009E1ED6 /* myOrderViewController.h */ = {isa = PBXFileReference; fileEncoding = 4; lastKnownFileType = sourcecode.c.h; path = myOrderViewController.h; sourceTree = "<group>"; };
		71009E9A1D4B71F9009E1ED6 /* myOrderViewController.m */ = {isa = PBXFileReference; fileEncoding = 4; lastKnownFileType = sourcecode.c.objc; path = myOrderViewController.m; sourceTree = "<group>"; };
		71009E9C1D4B73E8009E1ED6 /* myWishlistViewController.h */ = {isa = PBXFileReference; fileEncoding = 4; lastKnownFileType = sourcecode.c.h; path = myWishlistViewController.h; sourceTree = "<group>"; };
		71009E9D1D4B73E8009E1ED6 /* myWishlistViewController.m */ = {isa = PBXFileReference; fileEncoding = 4; lastKnownFileType = sourcecode.c.objc; path = myWishlistViewController.m; sourceTree = "<group>"; };
		71009E9F1D4B75FC009E1ED6 /* contactUsViewController.h */ = {isa = PBXFileReference; fileEncoding = 4; lastKnownFileType = sourcecode.c.h; path = contactUsViewController.h; sourceTree = "<group>"; };
		71009EA01D4B75FC009E1ED6 /* contactUsViewController.m */ = {isa = PBXFileReference; fileEncoding = 4; lastKnownFileType = sourcecode.c.objc; path = contactUsViewController.m; sourceTree = "<group>"; };
		71009EA21D4B7618009E1ED6 /* rateAppViewController.h */ = {isa = PBXFileReference; fileEncoding = 4; lastKnownFileType = sourcecode.c.h; path = rateAppViewController.h; sourceTree = "<group>"; };
		71009EA31D4B7618009E1ED6 /* rateAppViewController.m */ = {isa = PBXFileReference; fileEncoding = 4; lastKnownFileType = sourcecode.c.objc; path = rateAppViewController.m; sourceTree = "<group>"; };
		71009EA51D4B7E26009E1ED6 /* Shopping Cart-40.png */ = {isa = PBXFileReference; lastKnownFileType = image.png; path = "Shopping Cart-40.png"; sourceTree = "<group>"; };
		71009EA71D4B7E2A009E1ED6 /* Search Filled-40.png */ = {isa = PBXFileReference; lastKnownFileType = image.png; path = "Search Filled-40.png"; sourceTree = "<group>"; };
		7105AACC1D2E39A7000DE51C /* JKAppDelegate.h */ = {isa = PBXFileReference; fileEncoding = 4; lastKnownFileType = sourcecode.c.h; name = JKAppDelegate.h; path = "SlideMenu/Helper Classes/JKAppDelegate.h"; sourceTree = "<group>"; };
		7105AACD1D2E39A7000DE51C /* JKAppDelegate.m */ = {isa = PBXFileReference; fileEncoding = 4; lastKnownFileType = sourcecode.c.objc; name = JKAppDelegate.m; path = "SlideMenu/Helper Classes/JKAppDelegate.m"; sourceTree = "<group>"; };
		7105AACE1D2E39A7000DE51C /* JKExpandTableView.h */ = {isa = PBXFileReference; fileEncoding = 4; lastKnownFileType = sourcecode.c.h; name = JKExpandTableView.h; path = "SlideMenu/Helper Classes/JKExpandTableView.h"; sourceTree = "<group>"; };
		7105AACF1D2E39A7000DE51C /* JKExpandTableView.m */ = {isa = PBXFileReference; fileEncoding = 4; lastKnownFileType = sourcecode.c.objc; name = JKExpandTableView.m; path = "SlideMenu/Helper Classes/JKExpandTableView.m"; sourceTree = "<group>"; };
		7105AAD01D2E39A7000DE51C /* JKMultiSelectSubTableViewCell.h */ = {isa = PBXFileReference; fileEncoding = 4; lastKnownFileType = sourcecode.c.h; name = JKMultiSelectSubTableViewCell.h; path = "SlideMenu/Helper Classes/JKMultiSelectSubTableViewCell.h"; sourceTree = "<group>"; };
		7105AAD11D2E39A7000DE51C /* JKMultiSelectSubTableViewCell.m */ = {isa = PBXFileReference; fileEncoding = 4; lastKnownFileType = sourcecode.c.objc; name = JKMultiSelectSubTableViewCell.m; path = "SlideMenu/Helper Classes/JKMultiSelectSubTableViewCell.m"; sourceTree = "<group>"; };
		7105AAD21D2E39A7000DE51C /* JKParentTableViewCell.h */ = {isa = PBXFileReference; fileEncoding = 4; lastKnownFileType = sourcecode.c.h; name = JKParentTableViewCell.h; path = "SlideMenu/Helper Classes/JKParentTableViewCell.h"; sourceTree = "<group>"; };
		7105AAD31D2E39A7000DE51C /* JKParentTableViewCell.m */ = {isa = PBXFileReference; fileEncoding = 4; lastKnownFileType = sourcecode.c.objc; name = JKParentTableViewCell.m; path = "SlideMenu/Helper Classes/JKParentTableViewCell.m"; sourceTree = "<group>"; };
		7105AAD41D2E39A7000DE51C /* JKSingleSelectSubTableViewCell.h */ = {isa = PBXFileReference; fileEncoding = 4; lastKnownFileType = sourcecode.c.h; name = JKSingleSelectSubTableViewCell.h; path = "SlideMenu/Helper Classes/JKSingleSelectSubTableViewCell.h"; sourceTree = "<group>"; };
		7105AAD51D2E39A7000DE51C /* JKSingleSelectSubTableViewCell.m */ = {isa = PBXFileReference; fileEncoding = 4; lastKnownFileType = sourcecode.c.objc; name = JKSingleSelectSubTableViewCell.m; path = "SlideMenu/Helper Classes/JKSingleSelectSubTableViewCell.m"; sourceTree = "<group>"; };
		7105AAD61D2E39A7000DE51C /* JKSubTableViewCell.h */ = {isa = PBXFileReference; fileEncoding = 4; lastKnownFileType = sourcecode.c.h; name = JKSubTableViewCell.h; path = "SlideMenu/Helper Classes/JKSubTableViewCell.h"; sourceTree = "<group>"; };
		7105AAD71D2E39A7000DE51C /* JKSubTableViewCell.m */ = {isa = PBXFileReference; fileEncoding = 4; lastKnownFileType = sourcecode.c.objc; name = JKSubTableViewCell.m; path = "SlideMenu/Helper Classes/JKSubTableViewCell.m"; sourceTree = "<group>"; };
		7105AAD81D2E39A7000DE51C /* JKSubTableViewCellCell.h */ = {isa = PBXFileReference; fileEncoding = 4; lastKnownFileType = sourcecode.c.h; name = JKSubTableViewCellCell.h; path = "SlideMenu/Helper Classes/JKSubTableViewCellCell.h"; sourceTree = "<group>"; };
		7105AAD91D2E39A7000DE51C /* JKSubTableViewCellCell.m */ = {isa = PBXFileReference; fileEncoding = 4; lastKnownFileType = sourcecode.c.objc; name = JKSubTableViewCellCell.m; path = "SlideMenu/Helper Classes/JKSubTableViewCellCell.m"; sourceTree = "<group>"; };
		713F75721D48881F00BC3F45 /* wishlist40.png */ = {isa = PBXFileReference; lastKnownFileType = image.png; path = wishlist40.png; sourceTree = "<group>"; };
		713F75741D48907500BC3F45 /* wishlistfilled.png */ = {isa = PBXFileReference; lastKnownFileType = image.png; path = wishlistfilled.png; sourceTree = "<group>"; };
		714FFF391D4B2901002CC707 /* termsAndConditionsViewController.h */ = {isa = PBXFileReference; fileEncoding = 4; lastKnownFileType = sourcecode.c.h; path = termsAndConditionsViewController.h; sourceTree = "<group>"; };
		714FFF3A1D4B2901002CC707 /* termsAndConditionsViewController.m */ = {isa = PBXFileReference; fileEncoding = 4; lastKnownFileType = sourcecode.c.objc; path = termsAndConditionsViewController.m; sourceTree = "<group>"; };
		71520E541D37540F0007253E /* overFlowMenu.png */ = {isa = PBXFileReference; lastKnownFileType = image.png; name = overFlowMenu.png; path = SlideMenu/Images/overFlowMenu.png; sourceTree = "<group>"; };
		71520E551D37540F0007253E /* overFlowMenu@2x.png */ = {isa = PBXFileReference; lastKnownFileType = image.png; name = "overFlowMenu@2x.png"; path = "SlideMenu/Images/overFlowMenu@2x.png"; sourceTree = "<group>"; };
		71520E581D3754F00007253E /* arrow-icon.png */ = {isa = PBXFileReference; lastKnownFileType = image.png; name = "arrow-icon.png"; path = "SlideMenu/Images/arrow-icon.png"; sourceTree = "<group>"; };
		71520E591D3754F00007253E /* arrow-icon@2x.png */ = {isa = PBXFileReference; lastKnownFileType = image.png; name = "arrow-icon@2x.png"; path = "SlideMenu/Images/arrow-icon@2x.png"; sourceTree = "<group>"; };
		716085131D3DEAE700F4AFE3 /* List Filled.png */ = {isa = PBXFileReference; lastKnownFileType = image.png; name = "List Filled.png"; path = "SlideMenu/Images/List Filled.png"; sourceTree = "<group>"; };
		716085151D3DEB6300F4AFE3 /* Grid Filled-40.png */ = {isa = PBXFileReference; lastKnownFileType = image.png; name = "Grid Filled-40.png"; path = "SlideMenu/Images/Grid Filled-40.png"; sourceTree = "<group>"; };
		716085171D3DEB6700F4AFE3 /* List Filled-40.png */ = {isa = PBXFileReference; lastKnownFileType = image.png; name = "List Filled-40.png"; path = "SlideMenu/Images/List Filled-40.png"; sourceTree = "<group>"; };
		716085191D3DECEA00F4AFE3 /* Descending Sorting-40.png */ = {isa = PBXFileReference; lastKnownFileType = image.png; name = "Descending Sorting-40.png"; path = "SlideMenu/Images/Descending Sorting-40.png"; sourceTree = "<group>"; };
		7160851B1D3DECF100F4AFE3 /* Filled Filter-40.png */ = {isa = PBXFileReference; lastKnownFileType = image.png; name = "Filled Filter-40.png"; path = "SlideMenu/Images/Filled Filter-40.png"; sourceTree = "<group>"; };
		71ADB4351D475B2F00DA13B8 /* productDetailsViewController.h */ = {isa = PBXFileReference; fileEncoding = 4; lastKnownFileType = sourcecode.c.h; path = productDetailsViewController.h; sourceTree = "<group>"; };
		71ADB4361D475B2F00DA13B8 /* productDetailsViewController.m */ = {isa = PBXFileReference; fileEncoding = 4; lastKnownFileType = sourcecode.c.objc; path = productDetailsViewController.m; sourceTree = "<group>"; };
		71F685821D33C24B006469DD /* checkmark.png */ = {isa = PBXFileReference; lastKnownFileType = image.png; name = checkmark.png; path = SlideMenu/Images/checkmark.png; sourceTree = "<group>"; };
		71F685831D33C24B006469DD /* checkmark@2x.png */ = {isa = PBXFileReference; lastKnownFileType = image.png; name = "checkmark@2x.png"; path = "SlideMenu/Images/checkmark@2x.png"; sourceTree = "<group>"; };
		71FBE3631D379B9B007DC9DA /* homegift.png */ = {isa = PBXFileReference; lastKnownFileType = image.png; name = homegift.png; path = SlideMenu/Images/homegift.png; sourceTree = "<group>"; };
		71FBE3691D37A0BA007DC9DA /* OpenSans-Regular.ttf */ = {isa = PBXFileReference; lastKnownFileType = file; path = "OpenSans-Regular.ttf"; sourceTree = "<group>"; };
		71FD69181D48B4B800B04D19 /* homeProductListViewController.h */ = {isa = PBXFileReference; fileEncoding = 4; lastKnownFileType = sourcecode.c.h; path = homeProductListViewController.h; sourceTree = "<group>"; };
		71FD69191D48B4B800B04D19 /* homeProductListViewController.m */ = {isa = PBXFileReference; fileEncoding = 4; lastKnownFileType = sourcecode.c.objc; path = homeProductListViewController.m; sourceTree = "<group>"; };
		71FD691E1D48BA1300B04D19 /* homeProductCell.h */ = {isa = PBXFileReference; fileEncoding = 4; lastKnownFileType = sourcecode.c.h; path = homeProductCell.h; sourceTree = "<group>"; };
		71FD691F1D48BA1300B04D19 /* homeProductCell.m */ = {isa = PBXFileReference; fileEncoding = 4; lastKnownFileType = sourcecode.c.objc; path = homeProductCell.m; sourceTree = "<group>"; };
/* End PBXFileReference section */

/* Begin PBXFrameworksBuildPhase section */
		15371EDB1728E3B400A508F4 /* Frameworks */ = {
			isa = PBXFrameworksBuildPhase;
			buildActionMask = 2147483647;
			files = (
				15CBD699172A57F100F0C53E /* QuartzCore.framework in Frameworks */,
				15371EE31728E3B400A508F4 /* UIKit.framework in Frameworks */,
				15371EE51728E3B400A508F4 /* Foundation.framework in Frameworks */,
				15371EE71728E3B400A508F4 /* CoreGraphics.framework in Frameworks */,
			);
			runOnlyForDeploymentPostprocessing = 0;
		};
		15371F041728E3B400A508F4 /* Frameworks */ = {
			isa = PBXFrameworksBuildPhase;
			buildActionMask = 2147483647;
			files = (
				15371F0B1728E3B400A508F4 /* UIKit.framework in Frameworks */,
				15371F0C1728E3B400A508F4 /* Foundation.framework in Frameworks */,
			);
			runOnlyForDeploymentPostprocessing = 0;
		};
/* End PBXFrameworksBuildPhase section */

/* Begin PBXGroup section */
		15371ED31728E3B400A508F4 = {
			isa = PBXGroup;
			children = (
				18109B0C1D2BED0900FFA5D1 /* Assets.xcassets */,
				15371EE81728E3B400A508F4 /* sendmygift classes */,
				15371EE11728E3B400A508F4 /* Frameworks */,
				15371EDF1728E3B400A508F4 /* Products */,
			);
			sourceTree = "<group>";
		};
		15371EDF1728E3B400A508F4 /* Products */ = {
			isa = PBXGroup;
			children = (
				15371EDE1728E3B400A508F4 /* SendMyGift.app */,
				15371F081728E3B400A508F4 /* SendMyGift.xctest */,
			);
			name = Products;
			sourceTree = "<group>";
		};
		15371EE11728E3B400A508F4 /* Frameworks */ = {
			isa = PBXGroup;
			children = (
				15CBD698172A57F100F0C53E /* QuartzCore.framework */,
				15371EE21728E3B400A508F4 /* UIKit.framework */,
				15371EE41728E3B400A508F4 /* Foundation.framework */,
				15371EE61728E3B400A508F4 /* CoreGraphics.framework */,
			);
			name = Frameworks;
			sourceTree = "<group>";
		};
		15371EE81728E3B400A508F4 /* sendmygift classes */ = {
			isa = PBXGroup;
			children = (
				71FBE3691D37A0BA007DC9DA /* OpenSans-Regular.ttf */,
				7160851D1D3DF09600F4AFE3 /* images */,
				71504D7C1D3904BC00E0484C /* Homeclasses */,
				71504D7A1D39028900E0484C /* leftmenuclasses */,
				71504D791D3901E500E0484C /* jktableview */,
				71504D7B1D39039800E0484C /* rightmenuclasses */,
				71504D7D1D3905C400E0484C /* storyboards */,
				15371F241728E43600A508F4 /* Source */,
				15371EF11728E3B400A508F4 /* AppDelegate.h */,
				15371EF21728E3B400A508F4 /* AppDelegate.m */,
				15371EE91728E3B400A508F4 /* Supporting Files */,
			);
			name = "sendmygift classes";
			path = SlideMenu;
			sourceTree = "<group>";
		};
		15371EE91728E3B400A508F4 /* Supporting Files */ = {
			isa = PBXGroup;
			children = (
				15371EEA1728E3B400A508F4 /* SendMyGift-Info.plist */,
				15371EEB1728E3B400A508F4 /* InfoPlist.strings */,
				15371EEE1728E3B400A508F4 /* main.m */,
				15371EF01728E3B400A508F4 /* SendMyGift-Prefix.pch */,
				18109B161D2BEF3000FFA5D1 /* Launch Screen.storyboard */,
			);
			name = "Supporting Files";
			sourceTree = "<group>";
		};
		15371F0F1728E3B400A508F4 /* SlideMenuTests */ = {
			isa = PBXGroup;
			children = (
				15371F151728E3B400A508F4 /* SlideMenuTests.h */,
				15371F161728E3B400A508F4 /* SlideMenuTests.m */,
				15371F101728E3B400A508F4 /* Supporting Files */,
			);
			name = SlideMenuTests;
			path = ../../../SlideMenuTests;
			sourceTree = "<group>";
		};
		15371F101728E3B400A508F4 /* Supporting Files */ = {
			isa = PBXGroup;
			children = (
				15371F111728E3B400A508F4 /* SendMyGiftTests-Info.plist */,
				15371F121728E3B400A508F4 /* InfoPlist.strings */,
			);
			name = "Supporting Files";
			sourceTree = "<group>";
		};
		15371F241728E43600A508F4 /* Source */ = {
			isa = PBXGroup;
			children = (
				15CBD681172A209500F0C53E /* Assets */,
				15371F261728E44E00A508F4 /* SlideNavigationController.h */,
				15371F271728E44E00A508F4 /* SlideNavigationController.m */,
			);
			path = Source;
			sourceTree = "<group>";
		};
		15C9AC0E1895A79A006E6F27 /* slidenavclasses */ = {
			isa = PBXGroup;
			children = (
				15C9AC0F1895A7BF006E6F27 /* SlideNavigationContorllerAnimatorSlide.h */,
				15C9AC101895A7BF006E6F27 /* SlideNavigationContorllerAnimatorSlide.m */,
				15C9AC121895A7D7006E6F27 /* SlideNavigationContorllerAnimatorFade.h */,
				15C9AC131895A7D7006E6F27 /* SlideNavigationContorllerAnimatorFade.m */,
				15C9AC151895A7E7006E6F27 /* SlideNavigationContorllerAnimatorSlideAndFade.h */,
				15C9AC161895A7E7006E6F27 /* SlideNavigationContorllerAnimatorSlideAndFade.m */,
				15C9AC181895A80E006E6F27 /* SlideNavigationContorllerAnimatorScale.h */,
				15C9AC191895A80E006E6F27 /* SlideNavigationContorllerAnimatorScale.m */,
				15C9AC1B1895A81D006E6F27 /* SlideNavigationContorllerAnimatorScaleAndFade.h */,
				15C9AC1C1895A81D006E6F27 /* SlideNavigationContorllerAnimatorScaleAndFade.m */,
				15C9AC1E1895A832006E6F27 /* SlideNavigationContorllerAnimator.h */,
				15371F0F1728E3B400A508F4 /* SlideMenuTests */,
			);
			name = slidenavclasses;
			path = SlideMenu/Source/Animations;
			sourceTree = "<group>";
		};
		15CBD681172A209500F0C53E /* Assets */ = {
			isa = PBXGroup;
			children = (
			);
			path = Assets;
			sourceTree = "<group>";
		};
		71504D791D3901E500E0484C /* jktableview */ = {
			isa = PBXGroup;
			children = (
				7105AACC1D2E39A7000DE51C /* JKAppDelegate.h */,
				7105AACD1D2E39A7000DE51C /* JKAppDelegate.m */,
				7105AACE1D2E39A7000DE51C /* JKExpandTableView.h */,
				7105AACF1D2E39A7000DE51C /* JKExpandTableView.m */,
				7105AAD01D2E39A7000DE51C /* JKMultiSelectSubTableViewCell.h */,
				7105AAD11D2E39A7000DE51C /* JKMultiSelectSubTableViewCell.m */,
				7105AAD21D2E39A7000DE51C /* JKParentTableViewCell.h */,
				7105AAD31D2E39A7000DE51C /* JKParentTableViewCell.m */,
				7105AAD41D2E39A7000DE51C /* JKSingleSelectSubTableViewCell.h */,
				7105AAD51D2E39A7000DE51C /* JKSingleSelectSubTableViewCell.m */,
				7105AAD61D2E39A7000DE51C /* JKSubTableViewCell.h */,
				7105AAD71D2E39A7000DE51C /* JKSubTableViewCell.m */,
				7105AAD81D2E39A7000DE51C /* JKSubTableViewCellCell.h */,
				7105AAD91D2E39A7000DE51C /* JKSubTableViewCellCell.m */,
			);
			name = jktableview;
			path = ..;
			sourceTree = "<group>";
		};
		71504D7A1D39028900E0484C /* leftmenuclasses */ = {
			isa = PBXGroup;
			children = (
				15CBD678172A15F900F0C53E /* LeftMenuViewController.h */,
				15CBD679172A15F900F0C53E /* LeftMenuViewController.m */,
				18D060301D48670100B134F8 /* ProductCell.h */,
				18D060311D48670100B134F8 /* ProductCell.m */,
				184A29251D3727E40015E093 /* ProductsListViewController.h */,
				184A29261D3727E40015E093 /* ProductsListViewController.m */,
				71ADB4351D475B2F00DA13B8 /* productDetailsViewController.h */,
				71ADB4361D475B2F00DA13B8 /* productDetailsViewController.m */,
				15C9AC0E1895A79A006E6F27 /* slidenavclasses */,
			);
			name = leftmenuclasses;
			path = ..;
			sourceTree = "<group>";
		};
		71504D7B1D39039800E0484C /* rightmenuclasses */ = {
			isa = PBXGroup;
			children = (
				15E7D316190C24E3002EAE3F /* RightMenuViewController.h */,
				15E7D317190C24E3002EAE3F /* RightMenuViewController.m */,
				71009E991D4B71F9009E1ED6 /* myOrderViewController.h */,
				71009E9A1D4B71F9009E1ED6 /* myOrderViewController.m */,
				71009E9C1D4B73E8009E1ED6 /* myWishlistViewController.h */,
				71009E9D1D4B73E8009E1ED6 /* myWishlistViewController.m */,
				71009E961D4B69AD009E1ED6 /* loginViewController.h */,
				71009E971D4B69AD009E1ED6 /* loginViewController.m */,
				36F5ABA31D2D7D98004BA400 /* privacyPolicyViewController.h */,
				36F5ABA41D2D7D98004BA400 /* privacyPolicyViewController.m */,
				714FFF391D4B2901002CC707 /* termsAndConditionsViewController.h */,
				714FFF3A1D4B2901002CC707 /* termsAndConditionsViewController.m */,
				71009E9F1D4B75FC009E1ED6 /* contactUsViewController.h */,
				71009EA01D4B75FC009E1ED6 /* contactUsViewController.m */,
				71009EA21D4B7618009E1ED6 /* rateAppViewController.h */,
				71009EA31D4B7618009E1ED6 /* rateAppViewController.m */,
			);
			name = rightmenuclasses;
			path = ..;
			sourceTree = "<group>";
		};
		71504D7C1D3904BC00E0484C /* Homeclasses */ = {
			isa = PBXGroup;
			children = (
				1858EFFB1D1062320002E3AD /* KTImageView.h */,
				1858EFFC1D1062320002E3AD /* KTImageView.m */,
				1858EFF71D1061580002E3AD /* ViewController.h */,
				1858EFF81D1061580002E3AD /* ViewController.m */,
				1858EFF51D1061580002E3AD /* HomeCollectionViewCell.h */,
				1858EFF61D1061580002E3AD /* HomeCollectionViewCell.m */,
				71FD69181D48B4B800B04D19 /* homeProductListViewController.h */,
				71FD69191D48B4B800B04D19 /* homeProductListViewController.m */,
				71FD691E1D48BA1300B04D19 /* homeProductCell.h */,
				71FD691F1D48BA1300B04D19 /* homeProductCell.m */,
			);
			name = Homeclasses;
			path = ..;
			sourceTree = "<group>";
		};
		71504D7D1D3905C400E0484C /* storyboards */ = {
			isa = PBXGroup;
			children = (
				15371EFA1728E3B400A508F4 /* MainStoryboard_iPhone.storyboard */,
				15371EFD1728E3B400A508F4 /* MainStoryboard_iPad.storyboard */,
			);
			name = storyboards;
			path = ..;
			sourceTree = "<group>";
		};
		7160851D1D3DF09600F4AFE3 /* images */ = {
			isa = PBXGroup;
			children = (
				71009EA51D4B7E26009E1ED6 /* Shopping Cart-40.png */,
				71009EA71D4B7E2A009E1ED6 /* Search Filled-40.png */,
				713F75721D48881F00BC3F45 /* wishlist40.png */,
				713F75741D48907500BC3F45 /* wishlistfilled.png */,
				716085191D3DECEA00F4AFE3 /* Descending Sorting-40.png */,
				7160851B1D3DECF100F4AFE3 /* Filled Filter-40.png */,
				716085131D3DEAE700F4AFE3 /* List Filled.png */,
				716085151D3DEB6300F4AFE3 /* Grid Filled-40.png */,
				716085171D3DEB6700F4AFE3 /* List Filled-40.png */,
				71FBE3631D379B9B007DC9DA /* homegift.png */,
				71520E581D3754F00007253E /* arrow-icon.png */,
				71520E591D3754F00007253E /* arrow-icon@2x.png */,
				71F685821D33C24B006469DD /* checkmark.png */,
				71F685831D33C24B006469DD /* checkmark@2x.png */,
				71520E541D37540F0007253E /* overFlowMenu.png */,
				71520E551D37540F0007253E /* overFlowMenu@2x.png */,
			);
			name = images;
			path = ..;
			sourceTree = "<group>";
		};
/* End PBXGroup section */

/* Begin PBXNativeTarget section */
		15371EDD1728E3B400A508F4 /* SendMyGift */ = {
			isa = PBXNativeTarget;
			buildConfigurationList = 15371F1A1728E3B400A508F4 /* Build configuration list for PBXNativeTarget "SendMyGift" */;
			buildPhases = (
				15371EDA1728E3B400A508F4 /* Sources */,
				15371EDB1728E3B400A508F4 /* Frameworks */,
				15371EDC1728E3B400A508F4 /* Resources */,
			);
			buildRules = (
			);
			dependencies = (
			);
			name = SendMyGift;
			productName = SlideMenu;
			productReference = 15371EDE1728E3B400A508F4 /* SendMyGift.app */;
			productType = "com.apple.product-type.application";
		};
		15371F071728E3B400A508F4 /* SendMyGiftTests */ = {
			isa = PBXNativeTarget;
			buildConfigurationList = 15371F1D1728E3B400A508F4 /* Build configuration list for PBXNativeTarget "SendMyGiftTests" */;
			buildPhases = (
				15371F031728E3B400A508F4 /* Sources */,
				15371F041728E3B400A508F4 /* Frameworks */,
				15371F051728E3B400A508F4 /* Resources */,
				15371F061728E3B400A508F4 /* ShellScript */,
			);
			buildRules = (
			);
			dependencies = (
				15371F0E1728E3B400A508F4 /* PBXTargetDependency */,
			);
			name = SendMyGiftTests;
			productName = SlideMenuTests;
			productReference = 15371F081728E3B400A508F4 /* SendMyGift.xctest */;
			productType = "com.apple.product-type.bundle.unit-test";
		};
/* End PBXNativeTarget section */

/* Begin PBXProject section */
		15371ED51728E3B400A508F4 /* Project object */ = {
			isa = PBXProject;
			attributes = {
				LastTestingUpgradeCheck = 0600;
				LastUpgradeCheck = 0730;
				ORGANIZATIONNAME = venkataramana;
				TargetAttributes = {
					15371EDD1728E3B400A508F4 = {
						DevelopmentTeam = 7Z2NCB4FM8;
					};
				};
			};
			buildConfigurationList = 15371ED81728E3B400A508F4 /* Build configuration list for PBXProject "SendMyGift" */;
			compatibilityVersion = "Xcode 6.3";
			developmentRegion = English;
			hasScannedForEncodings = 0;
			knownRegions = (
				en,
			);
			mainGroup = 15371ED31728E3B400A508F4;
			productRefGroup = 15371EDF1728E3B400A508F4 /* Products */;
			projectDirPath = "";
			projectRoot = "";
			targets = (
				15371EDD1728E3B400A508F4 /* SendMyGift */,
				15371F071728E3B400A508F4 /* SendMyGiftTests */,
			);
		};
/* End PBXProject section */

/* Begin PBXResourcesBuildPhase section */
		15371EDC1728E3B400A508F4 /* Resources */ = {
			isa = PBXResourcesBuildPhase;
			buildActionMask = 2147483647;
			files = (
				71009EA81D4B7E2A009E1ED6 /* Search Filled-40.png in Resources */,
				15371EED1728E3B400A508F4 /* InfoPlist.strings in Resources */,
				18109B171D2BEF3000FFA5D1 /* Launch Screen.storyboard in Resources */,
				15371EFC1728E3B400A508F4 /* MainStoryboard_iPhone.storyboard in Resources */,
				15371EFF1728E3B400A508F4 /* MainStoryboard_iPad.storyboard in Resources */,
				71520E561D37540F0007253E /* overFlowMenu.png in Resources */,
				71F685861D33C24B006469DD /* checkmark.png in Resources */,
				7160851C1D3DECF100F4AFE3 /* Filled Filter-40.png in Resources */,
				18109B0D1D2BED0900FFA5D1 /* Assets.xcassets in Resources */,
				71F685871D33C24B006469DD /* checkmark@2x.png in Resources */,
				716085141D3DEAE700F4AFE3 /* List Filled.png in Resources */,
				71FBE36A1D37A0BA007DC9DA /* OpenSans-Regular.ttf in Resources */,
				71520E5B1D3754F00007253E /* arrow-icon@2x.png in Resources */,
				713F75751D48907500BC3F45 /* wishlistfilled.png in Resources */,
				71009EA61D4B7E26009E1ED6 /* Shopping Cart-40.png in Resources */,
				716085161D3DEB6300F4AFE3 /* Grid Filled-40.png in Resources */,
				716085181D3DEB6700F4AFE3 /* List Filled-40.png in Resources */,
				71520E5A1D3754F00007253E /* arrow-icon.png in Resources */,
				71FBE3641D379B9B007DC9DA /* homegift.png in Resources */,
				713F75731D48881F00BC3F45 /* wishlist40.png in Resources */,
				71520E571D37540F0007253E /* overFlowMenu@2x.png in Resources */,
				7160851A1D3DECEA00F4AFE3 /* Descending Sorting-40.png in Resources */,
			);
			runOnlyForDeploymentPostprocessing = 0;
		};
		15371F051728E3B400A508F4 /* Resources */ = {
			isa = PBXResourcesBuildPhase;
			buildActionMask = 2147483647;
			files = (
				15371F141728E3B400A508F4 /* InfoPlist.strings in Resources */,
			);
			runOnlyForDeploymentPostprocessing = 0;
		};
/* End PBXResourcesBuildPhase section */

/* Begin PBXShellScriptBuildPhase section */
		15371F061728E3B400A508F4 /* ShellScript */ = {
			isa = PBXShellScriptBuildPhase;
			buildActionMask = 2147483647;
			files = (
			);
			inputPaths = (
			);
			outputPaths = (
			);
			runOnlyForDeploymentPostprocessing = 0;
			shellPath = /bin/sh;
			shellScript = "# Run the unit tests in this test bundle.\n\"${SYSTEM_DEVELOPER_DIR}/Tools/RunUnitTests\"\n";
		};
/* End PBXShellScriptBuildPhase section */

/* Begin PBXSourcesBuildPhase section */
		15371EDA1728E3B400A508F4 /* Sources */ = {
			isa = PBXSourcesBuildPhase;
			buildActionMask = 2147483647;
			files = (
				7105AADD1D2E39A7000DE51C /* JKParentTableViewCell.m in Sources */,
				15E7D318190C24E3002EAE3F /* RightMenuViewController.m in Sources */,
				15C9AC1D1895A81D006E6F27 /* SlideNavigationContorllerAnimatorScaleAndFade.m in Sources */,
				15C9AC171895A7E7006E6F27 /* SlideNavigationContorllerAnimatorSlideAndFade.m in Sources */,
				714FFF3B1D4B2901002CC707 /* termsAndConditionsViewController.m in Sources */,
				71009E981D4B69AD009E1ED6 /* loginViewController.m in Sources */,
				7105AADC1D2E39A7000DE51C /* JKMultiSelectSubTableViewCell.m in Sources */,
				15371EEF1728E3B400A508F4 /* main.m in Sources */,
				15371EF31728E3B400A508F4 /* AppDelegate.m in Sources */,
				15C9AC141895A7D7006E6F27 /* SlideNavigationContorllerAnimatorFade.m in Sources */,
				15371F281728E44E00A508F4 /* SlideNavigationController.m in Sources */,
				1858EFFD1D1062320002E3AD /* KTImageView.m in Sources */,
				15C9AC111895A7BF006E6F27 /* SlideNavigationContorllerAnimatorSlide.m in Sources */,
				184A29271D3727E40015E093 /* ProductsListViewController.m in Sources */,
				71009EA11D4B75FC009E1ED6 /* contactUsViewController.m in Sources */,
				7105AAE01D2E39A7000DE51C /* JKSubTableViewCellCell.m in Sources */,
				7105AADB1D2E39A7000DE51C /* JKExpandTableView.m in Sources */,
				18D060321D48670100B134F8 /* ProductCell.m in Sources */,
				36F5ABA51D2D7D98004BA400 /* privacyPolicyViewController.m in Sources */,
				71009E9B1D4B71F9009E1ED6 /* myOrderViewController.m in Sources */,
				1858EFFA1D1061580002E3AD /* ViewController.m in Sources */,
				15CBD67D172A15F900F0C53E /* LeftMenuViewController.m in Sources */,
				71FD69201D48BA1300B04D19 /* homeProductCell.m in Sources */,
				7105AADF1D2E39A7000DE51C /* JKSubTableViewCell.m in Sources */,
				15C9AC1A1895A80E006E6F27 /* SlideNavigationContorllerAnimatorScale.m in Sources */,
				71009EA41D4B7618009E1ED6 /* rateAppViewController.m in Sources */,
				71FD691A1D48B4B800B04D19 /* homeProductListViewController.m in Sources */,
				71009E9E1D4B73E8009E1ED6 /* myWishlistViewController.m in Sources */,
				71ADB4371D475B2F00DA13B8 /* productDetailsViewController.m in Sources */,
				7105AADE1D2E39A7000DE51C /* JKSingleSelectSubTableViewCell.m in Sources */,
				1858EFF91D1061580002E3AD /* HomeCollectionViewCell.m in Sources */,
				7105AADA1D2E39A7000DE51C /* JKAppDelegate.m in Sources */,
			);
			runOnlyForDeploymentPostprocessing = 0;
		};
		15371F031728E3B400A508F4 /* Sources */ = {
			isa = PBXSourcesBuildPhase;
			buildActionMask = 2147483647;
			files = (
				15371F171728E3B400A508F4 /* SlideMenuTests.m in Sources */,
			);
			runOnlyForDeploymentPostprocessing = 0;
		};
/* End PBXSourcesBuildPhase section */

/* Begin PBXTargetDependency section */
		15371F0E1728E3B400A508F4 /* PBXTargetDependency */ = {
			isa = PBXTargetDependency;
			target = 15371EDD1728E3B400A508F4 /* SendMyGift */;
			targetProxy = 15371F0D1728E3B400A508F4 /* PBXContainerItemProxy */;
		};
/* End PBXTargetDependency section */

/* Begin PBXVariantGroup section */
		15371EEB1728E3B400A508F4 /* InfoPlist.strings */ = {
			isa = PBXVariantGroup;
			children = (
				15371EEC1728E3B400A508F4 /* en */,
			);
			name = InfoPlist.strings;
			sourceTree = "<group>";
		};
		15371EFA1728E3B400A508F4 /* MainStoryboard_iPhone.storyboard */ = {
			isa = PBXVariantGroup;
			children = (
				15371EFB1728E3B400A508F4 /* en */,
			);
			name = MainStoryboard_iPhone.storyboard;
			path = SlideMenu;
			sourceTree = "<group>";
		};
		15371EFD1728E3B400A508F4 /* MainStoryboard_iPad.storyboard */ = {
			isa = PBXVariantGroup;
			children = (
				15371EFE1728E3B400A508F4 /* en */,
			);
			name = MainStoryboard_iPad.storyboard;
			path = SlideMenu;
			sourceTree = "<group>";
		};
		15371F121728E3B400A508F4 /* InfoPlist.strings */ = {
			isa = PBXVariantGroup;
			children = (
				15371F131728E3B400A508F4 /* en */,
			);
			name = InfoPlist.strings;
			sourceTree = "<group>";
		};
/* End PBXVariantGroup section */

/* Begin XCBuildConfiguration section */
		15371F181728E3B400A508F4 /* Debug */ = {
			isa = XCBuildConfiguration;
			buildSettings = {
				ALWAYS_SEARCH_USER_PATHS = NO;
				CLANG_CXX_LANGUAGE_STANDARD = "gnu++0x";
				CLANG_CXX_LIBRARY = "libc++";
				CLANG_ENABLE_OBJC_ARC = YES;
				CLANG_WARN_EMPTY_BODY = YES;
				CLANG_WARN__DUPLICATE_METHOD_MATCH = YES;
				"CODE_SIGN_IDENTITY[sdk=iphoneos*]" = "iPhone Developer";
				COPY_PHASE_STRIP = NO;
				ENABLE_TESTABILITY = YES;
				GCC_C_LANGUAGE_STANDARD = gnu99;
				GCC_DYNAMIC_NO_PIC = NO;
				GCC_OPTIMIZATION_LEVEL = 0;
				GCC_PREPROCESSOR_DEFINITIONS = (
					"DEBUG=1",
					"$(inherited)",
				);
				GCC_SYMBOLS_PRIVATE_EXTERN = NO;
				GCC_WARN_ABOUT_RETURN_TYPE = YES;
				GCC_WARN_UNINITIALIZED_AUTOS = YES;
				GCC_WARN_UNUSED_VARIABLE = YES;
				IPHONEOS_DEPLOYMENT_TARGET = 8.0;
				ONLY_ACTIVE_ARCH = YES;
				SDKROOT = iphoneos;
				TARGETED_DEVICE_FAMILY = "1,2";
			};
			name = Debug;
		};
		15371F191728E3B400A508F4 /* Release */ = {
			isa = XCBuildConfiguration;
			buildSettings = {
				ALWAYS_SEARCH_USER_PATHS = NO;
				CLANG_CXX_LANGUAGE_STANDARD = "gnu++0x";
				CLANG_CXX_LIBRARY = "libc++";
				CLANG_ENABLE_OBJC_ARC = YES;
				CLANG_WARN_EMPTY_BODY = YES;
				CLANG_WARN__DUPLICATE_METHOD_MATCH = YES;
				"CODE_SIGN_IDENTITY[sdk=iphoneos*]" = "iPhone Developer";
				COPY_PHASE_STRIP = YES;
				GCC_C_LANGUAGE_STANDARD = gnu99;
				GCC_WARN_ABOUT_RETURN_TYPE = YES;
				GCC_WARN_UNINITIALIZED_AUTOS = YES;
				GCC_WARN_UNUSED_VARIABLE = YES;
				IPHONEOS_DEPLOYMENT_TARGET = 8.0;
				OTHER_CFLAGS = "-DNS_BLOCK_ASSERTIONS=1";
				SDKROOT = iphoneos;
				TARGETED_DEVICE_FAMILY = "1,2";
				VALIDATE_PRODUCT = YES;
			};
			name = Release;
		};
		15371F1B1728E3B400A508F4 /* Debug */ = {
			isa = XCBuildConfiguration;
			buildSettings = {
				ASSETCATALOG_COMPILER_APPICON_NAME = AppIcon;
				CODE_SIGN_IDENTITY = "iPhone Developer";
				GCC_PRECOMPILE_PREFIX_HEADER = YES;
				GCC_PREFIX_HEADER = "SlideMenu/SendMyGift-Prefix.pch";
				INFOPLIST_FILE = "SlideMenu/SendMyGift-Info.plist";
				IPHONEOS_DEPLOYMENT_TARGET = 8.0;
				PRODUCT_BUNDLE_IDENTIFIER = "com.aryaxt.$(PRODUCT_NAME:rfc1034identifier)";
				PRODUCT_NAME = SendMyGift;
				TARGETED_DEVICE_FAMILY = 1;
				WRAPPER_EXTENSION = app;
			};
			name = Debug;
		};
		15371F1C1728E3B400A508F4 /* Release */ = {
			isa = XCBuildConfiguration;
			buildSettings = {
				ASSETCATALOG_COMPILER_APPICON_NAME = AppIcon;
				CODE_SIGN_IDENTITY = "iPhone Developer";
				GCC_PRECOMPILE_PREFIX_HEADER = YES;
				GCC_PREFIX_HEADER = "SlideMenu/SendMyGift-Prefix.pch";
				INFOPLIST_FILE = "SlideMenu/SendMyGift-Info.plist";
				IPHONEOS_DEPLOYMENT_TARGET = 8.0;
				PRODUCT_BUNDLE_IDENTIFIER = "com.aryaxt.$(PRODUCT_NAME:rfc1034identifier)";
				PRODUCT_NAME = SendMyGift;
				TARGETED_DEVICE_FAMILY = 1;
				WRAPPER_EXTENSION = app;
			};
			name = Release;
		};
		15371F1E1728E3B400A508F4 /* Debug */ = {
			isa = XCBuildConfiguration;
			buildSettings = {
				BUNDLE_LOADER = "$(BUILT_PRODUCTS_DIR)/SlideMenu.app/SlideMenu";
				FRAMEWORK_SEARCH_PATHS = (
					"\"$(SDKROOT)/Developer/Library/Frameworks\"",
					"\"$(DEVELOPER_LIBRARY_DIR)/Frameworks\"",
					"$(inherited)",
				);
				GCC_PRECOMPILE_PREFIX_HEADER = YES;
				GCC_PREFIX_HEADER = "SlideMenu/SendMyGift-Prefix.pch";
				INFOPLIST_FILE = "SlideMenuTests/SendMyGiftTests-Info.plist";
				PRODUCT_BUNDLE_IDENTIFIER = "com.aryaxt.${PRODUCT_NAME:rfc1034identifier}";
				PRODUCT_NAME = SendMyGift;
				TEST_HOST = "$(BUNDLE_LOADER)";
			};
			name = Debug;
		};
		15371F1F1728E3B400A508F4 /* Release */ = {
			isa = XCBuildConfiguration;
			buildSettings = {
				BUNDLE_LOADER = "$(BUILT_PRODUCTS_DIR)/SlideMenu.app/SlideMenu";
				FRAMEWORK_SEARCH_PATHS = (
					"\"$(SDKROOT)/Developer/Library/Frameworks\"",
					"\"$(DEVELOPER_LIBRARY_DIR)/Frameworks\"",
					"$(inherited)",
				);
				GCC_PRECOMPILE_PREFIX_HEADER = YES;
				GCC_PREFIX_HEADER = "SlideMenu/SendMyGift-Prefix.pch";
				INFOPLIST_FILE = "SlideMenuTests/SendMyGiftTests-Info.plist";
				PRODUCT_BUNDLE_IDENTIFIER = "com.aryaxt.${PRODUCT_NAME:rfc1034identifier}";
				PRODUCT_NAME = SendMyGift;
				TEST_HOST = "$(BUNDLE_LOADER)";
			};
			name = Release;
		};
/* End XCBuildConfiguration section */

/* Begin XCConfigurationList section */
		15371ED81728E3B400A508F4 /* Build configuration list for PBXProject "SendMyGift" */ = {
			isa = XCConfigurationList;
			buildConfigurations = (
				15371F181728E3B400A508F4 /* Debug */,
				15371F191728E3B400A508F4 /* Release */,
			);
			defaultConfigurationIsVisible = 0;
			defaultConfigurationName = Release;
		};
		15371F1A1728E3B400A508F4 /* Build configuration list for PBXNativeTarget "SendMyGift" */ = {
			isa = XCConfigurationList;
			buildConfigurations = (
				15371F1B1728E3B400A508F4 /* Debug */,
				15371F1C1728E3B400A508F4 /* Release */,
			);
			defaultConfigurationIsVisible = 0;
			defaultConfigurationName = Release;
		};
		15371F1D1728E3B400A508F4 /* Build configuration list for PBXNativeTarget "SendMyGiftTests" */ = {
			isa = XCConfigurationList;
			buildConfigurations = (
				15371F1E1728E3B400A508F4 /* Debug */,
				15371F1F1728E3B400A508F4 /* Release */,
			);
			defaultConfigurationIsVisible = 0;
			defaultConfigurationName = Release;
		};
/* End XCConfigurationList section */
	};
	rootObject = 15371ED51728E3B400A508F4 /* Project object */;
}
